lockfileVersion: '9.0'

settings:
  autoInstallPeers: true
  excludeLinksFromLockfile: false

importers:

  .:
    dependencies:
      '@matter/main':
        specifier: 0.16.0-alpha.0-20250925-9e6a5c124
        version: 0.16.0-alpha.0-20250925-9e6a5c124
      '@project-chip/matter.js':
        specifier: 0.16.0-alpha.0-20250925-9e6a5c124
        version: 0.16.0-alpha.0-20250925-9e6a5c124
      rxjs:
        specifier: ^7.8.2
        version: 7.8.2
    devDependencies:
      '@types/node':
        specifier: ^24.5.2
        version: 24.5.2
      prettier:
        specifier: ^3.6.2
        version: 3.6.2
      typescript:
        specifier: ^5.9.2
        version: 5.9.2

packages:

  '@matter/general@0.16.0-alpha.0-20250925-9e6a5c124':
    resolution: {integrity: sha512-dVRkbExdFG3Nx0oA/LXFZ/DGPEnl/FjthO03qYhu67KIjbmKBufcPJBRX7NQvrj4FyWjjSDYBQhLdAvuXvs2DQ==}

  '@matter/main@0.16.0-alpha.0-20250925-9e6a5c124':
    resolution: {integrity: sha512-Hq/ydwPSudw+E+e9nXgwAOPjxQ13iQTiLhcVNUv6jYfYJC1JgfBSncZ7t6JtemiqQZkXCNn4jLCjtOkXffdGfQ==}

  '@matter/model@0.16.0-alpha.0-20250925-9e6a5c124':
    resolution: {integrity: sha512-STF1WqUFzb7W9hsPUZdathyhMMs5iotRILvBDcQkb0jyFVwrkMV0GmZpgMMcpOUsSCIGzmBtvD8/ZeQh3n8kZw==}

  '@matter/node@0.16.0-alpha.0-20250925-9e6a5c124':
    resolution: {integrity: sha512-UzEHa6ua4QbYK7YBIj1lWEXthN2WA3zgo6fDNRj3ip82yTYNqPz37H6a4GFVuaj5wpmlPEAHheF5qLWOdMGogw==}

  '@matter/nodejs@0.16.0-alpha.0-20250925-9e6a5c124':
    resolution: {integrity: sha512-ofrlph3xUrIUS+oWgZymoUg0XVeOiMEfEi3fMnbWwJ+X11XO/BjxHwz1UdObdf5Uh/NZSfCW9MWk89XsEqkhKA==}
    engines: {node: '>=20.19.0 <22.0.0 || >=22.13.0'}

  '@matter/protocol@0.16.0-alpha.0-20250925-9e6a5c124':
    resolution: {integrity: sha512-EfjuHYg7+k+P/gVhDOxh7PzMn9TtV1x1DG0IzZlMngLU5gv+AD/41NoQFv91lOTrFRSFg4EdfIlY9slz+r9vOA==}

  '@matter/types@0.16.0-alpha.0-20250925-9e6a5c124':
    resolution: {integrity: sha512-AGe2EFL83zosfK2dhXKLtlrWcc2uga5Xg919c5DQW/IOXQeXWyAmio5yqg00T69+14HYdexGZMgsrFovBoEcsg==}

  '@noble/curves@2.0.1':
    resolution: {integrity: sha512-vs1Az2OOTBiP4q0pwjW5aF0xp9n4MxVrmkFBxc6EKZc6ddYx5gaZiAsZoq0uRRXWbi3AT/sBqn05eRPtn1JCPw==}
    engines: {node: '>= 20.19.0'}

  '@noble/hashes@2.0.1':
    resolution: {integrity: sha512-XlOlEbQcE9fmuXxrVTXCTlG2nlRXa9Rj3rr5Ue/+tX+nmkgbX720YHh0VR3hBF9xDvwnb8D2shVGOwNx+ulArw==}
    engines: {node: '>= 20.19.0'}

  '@project-chip/matter.js@0.16.0-alpha.0-20250925-9e6a5c124':
    resolution: {integrity: sha512-/TmgPXjEfbShYCT8hBbSYPsH2r4BDDLRs43Wr/7Rd69sszk2OJUpteQho3LAGkapXwvCdLyQTrFwT26BVqCVZA==}

  '@types/node@24.5.2':
    resolution: {integrity: sha512-FYxk1I7wPv3K2XBaoyH2cTnocQEu8AOZ60hPbsyukMPLv5/5qr7V1i8PLHdl6Zf87I+xZXFvPCXYjiTFq+YSDQ==}

  prettier@3.6.2:
    resolution: {integrity: sha512-I7AIg5boAr5R0FFtJ6rCfD+LFsWHp81dolrFD8S79U9tb8Az2nGrJncnMSnys+bpQJfRUzqs9hnA81OAA3hCuQ==}
    engines: {node: '>=14'}
    hasBin: true

  rxjs@7.8.2:
    resolution: {integrity: sha512-dhKf903U/PQZY6boNNtAGdWbG85WAbjT/1xYoZIC7FAY0yWapOBQVsVrDl58W86//e1VpMNBtRV4MaXfdMySFA==}

  tslib@2.8.1:
    resolution: {integrity: sha512-oJFu94HQb+KVduSUQL7wnpmqnfmLsOA/nAh6b6EH0wCEoK0/mPeXU6c3wKDV83MkOuHPRHtSXKKU99IBazS/2w==}

  typescript@5.9.2:
    resolution: {integrity: sha512-CWBzXQrc/qOkhidw1OzBTQuYRbfyxDXJMVJ1XNwUHGROVmuaeiEm3OslpZ1RV96d7SKKjZKrSJu3+t/xlw3R9A==}
    engines: {node: '>=14.17'}
    hasBin: true

  undici-types@7.12.0:
    resolution: {integrity: sha512-goOacqME2GYyOZZfb5Lgtu+1IDmAlAEu5xnD3+xTzS10hT0vzpf0SPjkXwAw9Jm+4n/mQGDP3LO8CPbYROeBfQ==}

snapshots:

  '@matter/general@0.16.0-alpha.0-20250925-9e6a5c124':
    dependencies:
      '@noble/curves': 2.0.1

  '@matter/main@0.16.0-alpha.0-20250925-9e6a5c124':
    dependencies:
      '@matter/general': 0.16.0-alpha.0-20250925-9e6a5c124
      '@matter/model': 0.16.0-alpha.0-20250925-9e6a5c124
      '@matter/node': 0.16.0-alpha.0-20250925-9e6a5c124
      '@matter/protocol': 0.16.0-alpha.0-20250925-9e6a5c124
      '@matter/types': 0.16.0-alpha.0-20250925-9e6a5c124
    optionalDependencies:
      '@matter/nodejs': 0.16.0-alpha.0-20250925-9e6a5c124

  '@matter/model@0.16.0-alpha.0-20250925-9e6a5c124':
    dependencies:
      '@matter/general': 0.16.0-alpha.0-20250925-9e6a5c124

  '@matter/node@0.16.0-alpha.0-20250925-9e6a5c124':
    dependencies:
      '@matter/general': 0.16.0-alpha.0-20250925-9e6a5c124
      '@matter/model': 0.16.0-alpha.0-20250925-9e6a5c124
      '@matter/protocol': 0.16.0-alpha.0-20250925-9e6a5c124
      '@matter/types': 0.16.0-alpha.0-20250925-9e6a5c124

  '@matter/nodejs@0.16.0-alpha.0-20250925-9e6a5c124':
    dependencies:
      '@matter/general': 0.16.0-alpha.0-20250925-9e6a5c124
      '@matter/node': 0.16.0-alpha.0-20250925-9e6a5c124
      '@matter/protocol': 0.16.0-alpha.0-20250925-9e6a5c124
      '@matter/types': 0.16.0-alpha.0-20250925-9e6a5c124
    optional: true

  '@matter/protocol@0.16.0-alpha.0-20250925-9e6a5c124':
    dependencies:
      '@matter/general': 0.16.0-alpha.0-20250925-9e6a5c124
      '@matter/model': 0.16.0-alpha.0-20250925-9e6a5c124
      '@matter/types': 0.16.0-alpha.0-20250925-9e6a5c124

  '@matter/types@0.16.0-alpha.0-20250925-9e6a5c124':
    dependencies:
      '@matter/general': 0.16.0-alpha.0-20250925-9e6a5c124
      '@matter/model': 0.16.0-alpha.0-20250925-9e6a5c124

  '@noble/curves@2.0.1':
    dependencies:
      '@noble/hashes': 2.0.1

  '@noble/hashes@2.0.1': {}

  '@project-chip/matter.js@0.16.0-alpha.0-20250925-9e6a5c124':
    dependencies:
      '@matter/general': 0.16.0-alpha.0-20250925-9e6a5c124
      '@matter/model': 0.16.0-alpha.0-20250925-9e6a5c124
      '@matter/node': 0.16.0-alpha.0-20250925-9e6a5c124
      '@matter/protocol': 0.16.0-alpha.0-20250925-9e6a5c124
      '@matter/types': 0.16.0-alpha.0-20250925-9e6a5c124

  '@types/node@24.5.2':
    dependencies:
      undici-types: 7.12.0

  prettier@3.6.2: {}

  rxjs@7.8.2:
    dependencies:
      tslib: 2.8.1

  tslib@2.8.1: {}

  typescript@5.9.2: {}

  undici-types@7.12.0: {}
