lockfileVersion: '9.0'

settings:
  autoInstallPeers: true
  excludeLinksFromLockfile: false

importers:

  .:
    dependencies:
      '@matter/main':
        specifier: 0.16.0-alpha.0-20250921-b7a3dda23
        version: 0.16.0-alpha.0-20250921-b7a3dda23
      '@matter/nodejs':
        specifier: 0.16.0-alpha.0-20250921-b7a3dda23
        version: 0.16.0-alpha.0-20250921-b7a3dda23
      '@project-chip/matter.js':
        specifier: 0.16.0-alpha.0-20250921-b7a3dda23
        version: 0.16.0-alpha.0-20250921-b7a3dda23
    devDependencies:
      '@types/node':
        specifier: ^24.5.2
        version: 24.5.2
      prettier:
        specifier: ^3.6.2
        version: 3.6.2
      typescript:
        specifier: ^5.9.2
        version: 5.9.2

packages:

  '@matter/general@0.16.0-alpha.0-20250921-b7a3dda23':
    resolution: {integrity: sha512-4HaYSXg/WK6sAao1o+IoHndy9CfQdg623nz6OC6kAJD/H9HS3LSaggpfHK214gwQsicRS4lKjkKiiJMULec7Xg==}

  '@matter/main@0.16.0-alpha.0-20250921-b7a3dda23':
    resolution: {integrity: sha512-doEv44R29MgHDyOqoRe7YKvfNcDOCdpVz5LAGmj21J0pQuluOuNmM7b+h/Ib2MfJ1SplK48V/IgQZvCSLb+txw==}

  '@matter/model@0.16.0-alpha.0-20250921-b7a3dda23':
    resolution: {integrity: sha512-cW5HSBo2iGMNv2Q0qMKY8MJc11w7hY67F5sO7lNNS77wHHYXQ5ixLKmGLAHBQonGZovuKdMZmghvxSleTW0jDg==}

  '@matter/node@0.16.0-alpha.0-20250921-b7a3dda23':
    resolution: {integrity: sha512-1Aboja2ZDSyqhjUMNdvXvF9Kb6vHN4u2yAqo0XNnK64cPbf9jDSdzKhU56PIv6ItHlluqTAX8NKExY6hPA9zXA==}

  '@matter/nodejs@0.16.0-alpha.0-20250921-b7a3dda23':
    resolution: {integrity: sha512-IjqaHgt/JaggNdg24yCt97ioZZDrTF7+LQ6BHpof9AEX6pqZUwiGt/gUYgbv1yqq5VihryuYYTfor7T1seANvQ==}
    engines: {node: '>=20.19.0 <22.0.0 || >=22.13.0'}

  '@matter/protocol@0.16.0-alpha.0-20250921-b7a3dda23':
    resolution: {integrity: sha512-Mykz9PCZRWdkqG3NsTy6Fi5isL4wiXUajGWq8JjpQbfSRwQvqRprsLzZ7IwT/79XcJOGqkNeSLB3OVCg5tBiEA==}

  '@matter/types@0.16.0-alpha.0-20250921-b7a3dda23':
    resolution: {integrity: sha512-/zwFyhO33vXzsfEcA9yjZTPFGCVEwU3vZyunY7L3SbVWocrlAirvyZWfSQo0s+UK/XYnGktNsRKZ/vZfS0MtGw==}

  '@noble/curves@2.0.1':
    resolution: {integrity: sha512-vs1Az2OOTBiP4q0pwjW5aF0xp9n4MxVrmkFBxc6EKZc6ddYx5gaZiAsZoq0uRRXWbi3AT/sBqn05eRPtn1JCPw==}
    engines: {node: '>= 20.19.0'}

  '@noble/hashes@2.0.1':
    resolution: {integrity: sha512-XlOlEbQcE9fmuXxrVTXCTlG2nlRXa9Rj3rr5Ue/+tX+nmkgbX720YHh0VR3hBF9xDvwnb8D2shVGOwNx+ulArw==}
    engines: {node: '>= 20.19.0'}

  '@project-chip/matter.js@0.16.0-alpha.0-20250921-b7a3dda23':
    resolution: {integrity: sha512-NLiSfbtTjaAHdn0ERIqBmnShbdMcfjZVnodW1uQQAogrpsQ4i4ZURpsf3iZ8RcofXiX0L/6J+MnJmP+LMOS4/A==}

  '@types/node@24.5.2':
    resolution: {integrity: sha512-FYxk1I7wPv3K2XBaoyH2cTnocQEu8AOZ60hPbsyukMPLv5/5qr7V1i8PLHdl6Zf87I+xZXFvPCXYjiTFq+YSDQ==}

  prettier@3.6.2:
    resolution: {integrity: sha512-I7AIg5boAr5R0FFtJ6rCfD+LFsWHp81dolrFD8S79U9tb8Az2nGrJncnMSnys+bpQJfRUzqs9hnA81OAA3hCuQ==}
    engines: {node: '>=14'}
    hasBin: true

  typescript@5.9.2:
    resolution: {integrity: sha512-CWBzXQrc/qOkhidw1OzBTQuYRbfyxDXJMVJ1XNwUHGROVmuaeiEm3OslpZ1RV96d7SKKjZKrSJu3+t/xlw3R9A==}
    engines: {node: '>=14.17'}
    hasBin: true

  undici-types@7.12.0:
    resolution: {integrity: sha512-goOacqME2GYyOZZfb5Lgtu+1IDmAlAEu5xnD3+xTzS10hT0vzpf0SPjkXwAw9Jm+4n/mQGDP3LO8CPbYROeBfQ==}

snapshots:

  '@matter/general@0.16.0-alpha.0-20250921-b7a3dda23':
    dependencies:
      '@noble/curves': 2.0.1

  '@matter/main@0.16.0-alpha.0-20250921-b7a3dda23':
    dependencies:
      '@matter/general': 0.16.0-alpha.0-20250921-b7a3dda23
      '@matter/model': 0.16.0-alpha.0-20250921-b7a3dda23
      '@matter/node': 0.16.0-alpha.0-20250921-b7a3dda23
      '@matter/protocol': 0.16.0-alpha.0-20250921-b7a3dda23
      '@matter/types': 0.16.0-alpha.0-20250921-b7a3dda23
    optionalDependencies:
      '@matter/nodejs': 0.16.0-alpha.0-20250921-b7a3dda23

  '@matter/model@0.16.0-alpha.0-20250921-b7a3dda23':
    dependencies:
      '@matter/general': 0.16.0-alpha.0-20250921-b7a3dda23

  '@matter/node@0.16.0-alpha.0-20250921-b7a3dda23':
    dependencies:
      '@matter/general': 0.16.0-alpha.0-20250921-b7a3dda23
      '@matter/model': 0.16.0-alpha.0-20250921-b7a3dda23
      '@matter/protocol': 0.16.0-alpha.0-20250921-b7a3dda23
      '@matter/types': 0.16.0-alpha.0-20250921-b7a3dda23

  '@matter/nodejs@0.16.0-alpha.0-20250921-b7a3dda23':
    dependencies:
      '@matter/general': 0.16.0-alpha.0-20250921-b7a3dda23
      '@matter/node': 0.16.0-alpha.0-20250921-b7a3dda23
      '@matter/protocol': 0.16.0-alpha.0-20250921-b7a3dda23
      '@matter/types': 0.16.0-alpha.0-20250921-b7a3dda23

  '@matter/protocol@0.16.0-alpha.0-20250921-b7a3dda23':
    dependencies:
      '@matter/general': 0.16.0-alpha.0-20250921-b7a3dda23
      '@matter/model': 0.16.0-alpha.0-20250921-b7a3dda23
      '@matter/types': 0.16.0-alpha.0-20250921-b7a3dda23

  '@matter/types@0.16.0-alpha.0-20250921-b7a3dda23':
    dependencies:
      '@matter/general': 0.16.0-alpha.0-20250921-b7a3dda23
      '@matter/model': 0.16.0-alpha.0-20250921-b7a3dda23

  '@noble/curves@2.0.1':
    dependencies:
      '@noble/hashes': 2.0.1

  '@noble/hashes@2.0.1': {}

  '@project-chip/matter.js@0.16.0-alpha.0-20250921-b7a3dda23':
    dependencies:
      '@matter/general': 0.16.0-alpha.0-20250921-b7a3dda23
      '@matter/model': 0.16.0-alpha.0-20250921-b7a3dda23
      '@matter/node': 0.16.0-alpha.0-20250921-b7a3dda23
      '@matter/protocol': 0.16.0-alpha.0-20250921-b7a3dda23
      '@matter/types': 0.16.0-alpha.0-20250921-b7a3dda23

  '@types/node@24.5.2':
    dependencies:
      undici-types: 7.12.0

  prettier@3.6.2: {}

  typescript@5.9.2: {}

  undici-types@7.12.0: {}
